
Microsoft Visual Studio Solution File, Format Version 12.00
# Visual Studio Version 17
VisualStudioVersion = 17.8.34322.80
MinimumVisualStudioVersion = 10.0.40219.1
Project("{FAE04EC0-301F-11D3-BF4B-00C04F79EFBC}") = "ScreenSound-02", "ScreenSound-02.csproj", "{333FC631-D732-45C7-B61D-87687F29ADBD}"
EndProject
Global
	GlobalSection(SolutionConfigurationPlatforms) = preSolution
		Debug|Any CPU = Debug|Any CPU
		Release|Any CPU = Release|Any CPU
	EndGlobalSection
	GlobalSection(ProjectConfigurationPlatforms) = postSolution
		{333FC631-D732-45C7-B61D-87687F29ADBD}.Debug|Any CPU.ActiveCfg = Debug|Any CPU
		{333FC631-D732-45C7-B61D-87687F29ADBD}.Debug|Any CPU.Build.0 = Debug|Any CPU
		{333FC631-D732-45C7-B61D-87687F29ADBD}.Release|Any CPU.ActiveCfg = Release|Any CPU
		{333FC631-D732-45C7-B61D-87687F29ADBD}.Release|Any CPU.Build.0 = Release|Any CPU
	EndGlobalSection
	GlobalSection(SolutionProperties) = preSolution
		HideSolutionNode = FALSE
	EndGlobalSection
	GlobalSection(ExtensibilityGlobals) = postSolution
		SolutionGuid = {3341B1E7-F976-438F-BBC1-B82220496875}
	EndGlobalSection
EndGlobal
