
Microsoft Visual Studio Solution File, Format Version 12.00
# Visual Studio Version 17
VisualStudioVersion = 17.8.34309.116
MinimumVisualStudioVersion = 10.0.40219.1
Project("{FAE04EC0-301F-11D3-BF4B-00C04F79EFBC}") = "PrimeiroProjeto", "PrimeiroProjeto.csproj", "{21B0D3C8-F74E-4177-A5C6-B9F3053952CB}"
EndProject
Global
	GlobalSection(SolutionConfigurationPlatforms) = preSolution
		Debug|Any CPU = Debug|Any CPU
		Release|Any CPU = Release|Any CPU
	EndGlobalSection
	GlobalSection(ProjectConfigurationPlatforms) = postSolution
		{21B0D3C8-F74E-4177-A5C6-B9F3053952CB}.Debug|Any CPU.ActiveCfg = Debug|Any CPU
		{21B0D3C8-F74E-4177-A5C6-B9F3053952CB}.Debug|Any CPU.Build.0 = Debug|Any CPU
		{21B0D3C8-F74E-4177-A5C6-B9F3053952CB}.Release|Any CPU.ActiveCfg = Release|Any CPU
		{21B0D3C8-F74E-4177-A5C6-B9F3053952CB}.Release|Any CPU.Build.0 = Release|Any CPU
	EndGlobalSection
	GlobalSection(SolutionProperties) = preSolution
		HideSolutionNode = FALSE
	EndGlobalSection
	GlobalSection(ExtensibilityGlobals) = postSolution
		SolutionGuid = {F1B0DE05-B16F-4A9A-AC04-5299AE99A8C4}
	EndGlobalSection
EndGlobal
